lockfileVersion: '6.0'

settings:
  autoInstallPeers: true
  excludeLinksFromLockfile: false

dependencies:
  '@atproto/api':
    specifier: ^0.2.11
    version: 0.2.11
  '@octokit/rest':
    specifier: ^19.0.7
    version: 19.0.13

packages:

  /@atproto/api@0.2.11:
    resolution: {integrity: sha512-5JY1Ii/81Bcy1ZTGRqALsaOdc8fIJTSlMNoSptpGH73uAPQE93weDrb8sc3KoxWi1G2ss3IIBSLPJWxALocJSQ==}
    dependencies:
      '@atproto/common-web': 0.2.1
      '@atproto/uri': 0.1.1
      '@atproto/xrpc': 0.3.2
      tlds: 1.243.0
      typed-emitter: 2.1.0
    dev: false

  /@atproto/common-web@0.2.1:
    resolution: {integrity: sha512-5AoDKkKz7JhXSiicjhPihA/MJMlSuTQ9Aed9fflPuoTuT6C3aXbxaUZEcqqipSwlCfGpOzPmJmWJjMWWsYr2ew==}
    dependencies:
      graphemer: 1.4.0
      multiformats: 9.9.0
      uint8arrays: 3.0.0
      zod: 3.22.4
    dev: false

  /@atproto/lexicon@0.2.2:
    resolution: {integrity: sha512-CvmjaSDavHMOJTuNYE8VjYhL7TVxBYV8QSWh2jHCpzfmj02DvVD9UBIfnoVv67POJkEtWXddjoV9beaIbaq/Xg==}
    dependencies:
      '@atproto/common-web': 0.2.1
      '@atproto/syntax': 0.1.2
      iso-datestring-validator: 2.2.2
      multiformats: 9.9.0
      zod: 3.22.4
    dev: false

  /@atproto/syntax@0.1.2:
    resolution: {integrity: sha512-n6VSuccMGouwftCvZBq9WNwI0qYCMOH/lTHSV+/dT232lX7pIrqisOlErUSBoOJ49B1Wxy1DjeeBS26ap9SsGQ==}
    dependencies:
      '@atproto/common-web': 0.2.1
    dev: false

  /@atproto/uri@0.1.1:
    resolution: {integrity: sha512-6l5Q0ajGHnecOd2ACuvXVpvZGK7gE+Y78y/oq29WdjWPvTeg7fBzcXlDXcZMOvBqhDJIigmAO2YCKmxqc4wJ1g==}
    deprecated: This package is now deprecated. Please use @atproto/syntax, which provides the same interfaces.
    dependencies:
      '@atproto/syntax': 0.1.2
    dev: false

  /@atproto/xrpc@0.3.2:
    resolution: {integrity: sha512-D9jGjcFnEMHuGQ56v6+78uX3RiytKLrA5ITLq6shy0Qj6Zvt5MqV+/cTFuNPKrNCrnWOtHFeRQwMqyGhNS9qZQ==}
    dependencies:
      '@atproto/lexicon': 0.2.2
      zod: 3.22.4
    dev: false

  /@octokit/auth-token@3.0.4:
    resolution: {integrity: sha512-TWFX7cZF2LXoCvdmJWY7XVPi74aSY0+FfBZNSXEXFkMpjcqsQwDSYVv5FhRFaI0V1ECnwbz4j59T/G+rXNWaIQ==}
    engines: {node: '>= 14'}
    dev: false

  /@octokit/core@4.2.4:
    resolution: {integrity: sha512-rYKilwgzQ7/imScn3M9/pFfUf4I1AZEH3KhyJmtPdE2zfaXAn2mFfUy4FbKewzc2We5y/LlKLj36fWJLKC2SIQ==}
    engines: {node: '>= 14'}
    dependencies:
      '@octokit/auth-token': 3.0.4
      '@octokit/graphql': 5.0.6
      '@octokit/request': 6.2.8
      '@octokit/request-error': 3.0.3
      '@octokit/types': 9.3.2
      before-after-hook: 2.2.3
      universal-user-agent: 6.0.0
    transitivePeerDependencies:
      - encoding
    dev: false

  /@octokit/endpoint@7.0.6:
    resolution: {integrity: sha512-5L4fseVRUsDFGR00tMWD/Trdeeihn999rTMGRMC1G/Ldi1uWlWJzI98H4Iak5DB/RVvQuyMYKqSK/R6mbSOQyg==}
    engines: {node: '>= 14'}
    dependencies:
      '@octokit/types': 9.3.2
      is-plain-object: 5.0.0
      universal-user-agent: 6.0.0
    dev: false

  /@octokit/graphql@5.0.6:
    resolution: {integrity: sha512-Fxyxdy/JH0MnIB5h+UQ3yCoh1FG4kWXfFKkpWqjZHw/p+Kc8Y44Hu/kCgNBT6nU1shNumEchmW/sUO1JuQnPcw==}
    engines: {node: '>= 14'}
    dependencies:
      '@octokit/request': 6.2.8
      '@octokit/types': 9.3.2
      universal-user-agent: 6.0.0
    transitivePeerDependencies:
      - encoding
    dev: false

  /@octokit/openapi-types@18.1.1:
    resolution: {integrity: sha512-VRaeH8nCDtF5aXWnjPuEMIYf1itK/s3JYyJcWFJT8X9pSNnBtriDf7wlEWsGuhPLl4QIH4xM8fqTXDwJ3Mu6sw==}
    dev: false

  /@octokit/plugin-paginate-rest@6.1.2(@octokit/core@4.2.4):
    resolution: {integrity: sha512-qhrmtQeHU/IivxucOV1bbI/xZyC/iOBhclokv7Sut5vnejAIAEXVcGQeRpQlU39E0WwK9lNvJHphHri/DB6lbQ==}
    engines: {node: '>= 14'}
    peerDependencies:
      '@octokit/core': '>=4'
    dependencies:
      '@octokit/core': 4.2.4
      '@octokit/tsconfig': 1.0.2
      '@octokit/types': 9.3.2
    dev: false

  /@octokit/plugin-request-log@1.0.4(@octokit/core@4.2.4):
    resolution: {integrity: sha512-mLUsMkgP7K/cnFEw07kWqXGF5LKrOkD+lhCrKvPHXWDywAwuDUeDwWBpc69XK3pNX0uKiVt8g5z96PJ6z9xCFA==}
    peerDependencies:
      '@octokit/core': '>=3'
    dependencies:
      '@octokit/core': 4.2.4
    dev: false

  /@octokit/plugin-rest-endpoint-methods@7.2.3(@octokit/core@4.2.4):
    resolution: {integrity: sha512-I5Gml6kTAkzVlN7KCtjOM+Ruwe/rQppp0QU372K1GP7kNOYEKe8Xn5BW4sE62JAHdwpq95OQK/qGNyKQMUzVgA==}
    engines: {node: '>= 14'}
    peerDependencies:
      '@octokit/core': '>=3'
    dependencies:
      '@octokit/core': 4.2.4
      '@octokit/types': 10.0.0
    dev: false

  /@octokit/request-error@3.0.3:
    resolution: {integrity: sha512-crqw3V5Iy2uOU5Np+8M/YexTlT8zxCfI+qu+LxUB7SZpje4Qmx3mub5DfEKSO8Ylyk0aogi6TYdf6kxzh2BguQ==}
    engines: {node: '>= 14'}
    dependencies:
      '@octokit/types': 9.3.2
      deprecation: 2.3.1
      once: 1.4.0
    dev: false

  /@octokit/request@6.2.8:
    resolution: {integrity: sha512-ow4+pkVQ+6XVVsekSYBzJC0VTVvh/FCTUUgTsboGq+DTeWdyIFV8WSCdo0RIxk6wSkBTHqIK1mYuY7nOBXOchw==}
    engines: {node: '>= 14'}
    dependencies:
      '@octokit/endpoint': 7.0.6
      '@octokit/request-error': 3.0.3
      '@octokit/types': 9.3.2
      is-plain-object: 5.0.0
      node-fetch: 2.7.0
      universal-user-agent: 6.0.0
    transitivePeerDependencies:
      - encoding
    dev: false

  /@octokit/rest@19.0.13:
    resolution: {integrity: sha512-/EzVox5V9gYGdbAI+ovYj3nXQT1TtTHRT+0eZPcuC05UFSWO3mdO9UY1C0i2eLF9Un1ONJkAk+IEtYGAC+TahA==}
    engines: {node: '>= 14'}
    dependencies:
      '@octokit/core': 4.2.4
      '@octokit/plugin-paginate-rest': 6.1.2(@octokit/core@4.2.4)
      '@octokit/plugin-request-log': 1.0.4(@octokit/core@4.2.4)
      '@octokit/plugin-rest-endpoint-methods': 7.2.3(@octokit/core@4.2.4)
    transitivePeerDependencies:
      - encoding
    dev: false

  /@octokit/tsconfig@1.0.2:
    resolution: {integrity: sha512-I0vDR0rdtP8p2lGMzvsJzbhdOWy405HcGovrspJ8RRibHnyRgggUSNO5AIox5LmqiwmatHKYsvj6VGFHkqS7lA==}
    dev: false

  /@octokit/types@10.0.0:
    resolution: {integrity: sha512-Vm8IddVmhCgU1fxC1eyinpwqzXPEYu0NrYzD3YZjlGjyftdLBTeqNblRC0jmJmgxbJIsQlyogVeGnrNaaMVzIg==}
    dependencies:
      '@octokit/openapi-types': 18.1.1
    dev: false

  /@octokit/types@9.3.2:
    resolution: {integrity: sha512-D4iHGTdAnEEVsB8fl95m1hiz7D5YiRdQ9b/OEb3BYRVwbLsGHcRVPz+u+BgRLNk0Q0/4iZCBqDN96j2XNxfXrA==}
    dependencies:
      '@octokit/openapi-types': 18.1.1
    dev: false

  /before-after-hook@2.2.3:
    resolution: {integrity: sha512-NzUnlZexiaH/46WDhANlyR2bXRopNg4F/zuSA3OpZnllCUgRaOF2znDioDWrmbNVsuZk6l9pMquQB38cfBZwkQ==}
    dev: false

  /deprecation@2.3.1:
    resolution: {integrity: sha512-xmHIy4F3scKVwMsQ4WnVaS8bHOx0DmVwRywosKhaILI0ywMDWPtBSku2HNxRvF7jtwDRsoEwYQSfbxj8b7RlJQ==}
    dev: false

  /graphemer@1.4.0:
    resolution: {integrity: sha512-EtKwoO6kxCL9WO5xipiHTZlSzBm7WLT627TqC/uVRd0HKmq8NXyebnNYxDoBi7wt8eTWrUrKXCOVaFq9x1kgag==}
    dev: false

  /is-plain-object@5.0.0:
    resolution: {integrity: sha512-VRSzKkbMm5jMDoKLbltAkFQ5Qr7VDiTFGXxYFXXowVj387GeGNOCsOH6Msy00SGZ3Fp84b1Naa1psqgcCIEP5Q==}
    engines: {node: '>=0.10.0'}
    dev: false

  /iso-datestring-validator@2.2.2:
    resolution: {integrity: sha512-yLEMkBbLZTlVQqOnQ4FiMujR6T4DEcCb1xizmvXS+OxuhwcbtynoosRzdMA69zZCShCNAbi+gJ71FxZBBXx1SA==}
    dev: false

  /multiformats@9.9.0:
    resolution: {integrity: sha512-HoMUjhH9T8DDBNT+6xzkrd9ga/XiBI4xLr58LJACwK6G3HTOPeMz4nB4KJs33L2BelrIJa7P0VuNaVF3hMYfjg==}
    dev: false

  /node-fetch@2.7.0:
    resolution: {integrity: sha512-c4FRfUm/dbcWZ7U+1Wq0AwCyFL+3nt2bEw05wfxSz+DWpWsitgmSgYmy2dQdWyKC1694ELPqMs/YzUSNozLt8A==}
    engines: {node: 4.x || >=6.0.0}
    peerDependencies:
      encoding: ^0.1.0
    peerDependenciesMeta:
      encoding:
        optional: true
    dependencies:
      whatwg-url: 5.0.0
    dev: false

  /once@1.4.0:
    resolution: {integrity: sha512-lNaJgI+2Q5URQBkccEKHTQOPaXdUxnZZElQTZY0MFUAuaEqe1E+Nyvgdz/aIyNi6Z9MzO5dv1H8n58/GELp3+w==}
    dependencies:
      wrappy: 1.0.2
    dev: false

  /rxjs@7.8.1:
    resolution: {integrity: sha512-AA3TVj+0A2iuIoQkWEK/tqFjBq2j+6PO6Y0zJcvzLAFhEFIO3HL0vls9hWLncZbAAbK0mar7oZ4V079I/qPMxg==}
    requiresBuild: true
    dependencies:
      tslib: 2.6.2
    dev: false
    optional: true

  /tlds@1.243.0:
    resolution: {integrity: sha512-jA0EMB5YFZFX2VqmK/Ra4O1UqDuWnpiw/9miYFdG1lVIDg6w9IsjlXK0TGlqFnzsnuBIpP5rCDFT2iPZNOfvqA==}
    hasBin: true
    dev: false

  /tr46@0.0.3:
    resolution: {integrity: sha512-N3WMsuqV66lT30CrXNbEjx4GEwlow3v6rr4mCcv6prnfwhS01rkgyFdjPNBYd9br7LpXV1+Emh01fHnq2Gdgrw==}
    dev: false

  /tslib@2.6.2:
    resolution: {integrity: sha512-AEYxH93jGFPn/a2iVAwW87VuUIkR1FVUKB77NwMF7nBTDkDrrT/Hpt/IrCJ0QXhW27jTBDcf5ZY7w6RiqTMw2Q==}
    requiresBuild: true
    dev: false
    optional: true

  /typed-emitter@2.1.0:
    resolution: {integrity: sha512-g/KzbYKbH5C2vPkaXGu8DJlHrGKHLsM25Zg9WuC9pMGfuvT+X25tZQWo5fK1BjBm8+UrVE9LDCvaY0CQk+fXDA==}
    optionalDependencies:
      rxjs: 7.8.1
    dev: false

  /uint8arrays@3.0.0:
    resolution: {integrity: sha512-HRCx0q6O9Bfbp+HHSfQQKD7wU70+lydKVt4EghkdOvlK/NlrF90z+eXV34mUd48rNvVJXwkrMSPpCATkct8fJA==}
    dependencies:
      multiformats: 9.9.0
    dev: false

  /universal-user-agent@6.0.0:
    resolution: {integrity: sha512-isyNax3wXoKaulPDZWHQqbmIx1k2tb9fb3GGDBRxCscfYV2Ch7WxPArBsFEG8s/safwXTT7H4QGhaIkTp9447w==}
    dev: false

  /webidl-conversions@3.0.1:
    resolution: {integrity: sha512-2JAn3z8AR6rjK8Sm8orRC0h/bcl/DqL7tRPdGZ4I1CjdF+EaMLmYxBHyXuKL849eucPFhvBoxMsflfOb8kxaeQ==}
    dev: false

  /whatwg-url@5.0.0:
    resolution: {integrity: sha512-saE57nupxk6v3HY35+jzBwYa0rKSy0XR8JSxZPwgLr7ys0IBzhGviA1/TUGJLmSVqs8pb9AnvICXEuOHLprYTw==}
    dependencies:
      tr46: 0.0.3
      webidl-conversions: 3.0.1
    dev: false

  /wrappy@1.0.2:
    resolution: {integrity: sha512-l4Sp/DRseor9wL6EvV2+TuQn63dMkPjZ/sp9XkghTEbV9KlPS1xUsZ3u7/IQO4wxtcFB4bgpQPRcR3QCvezPcQ==}
    dev: false

  /zod@3.22.4:
    resolution: {integrity: sha512-iC+8Io04lddc+mVqQ9AZ7OQ2MrUKGN+oIQyq1vemgt46jwCwLfhq7/pwnBnNXXXZb8VTVLKwp9EDkx+ryxIWmg==}
    dev: false
